
Microsoft Visual Studio Solution File, Format Version 12.00
# Visual Studio 15
VisualStudioVersion = 15.0.28307.960
MinimumVisualStudioVersion = 10.0.40219.1
Project("{FAE04EC0-301F-11D3-BF4B-00C04F79EFBC}") = "RAU_SACH_TIEN_PHUC", "RAU_SACH_TIEN_PHUC.csproj", "{5620E8E3-F0B1-4E00-998A-43B30BD99C26}"
EndProject
Global
	GlobalSection(SolutionConfigurationPlatforms) = preSolution
		Debug|Any CPU = Debug|Any CPU
		Release|Any CPU = Release|Any CPU
	EndGlobalSection
	GlobalSection(ProjectConfigurationPlatforms) = postSolution
		{5620E8E3-F0B1-4E00-998A-43B30BD99C26}.Debug|Any CPU.ActiveCfg = Debug|Any CPU
		{5620E8E3-F0B1-4E00-998A-43B30BD99C26}.Debug|Any CPU.Build.0 = Debug|Any CPU
		{5620E8E3-F0B1-4E00-998A-43B30BD99C26}.Release|Any CPU.ActiveCfg = Release|Any CPU
		{5620E8E3-F0B1-4E00-998A-43B30BD99C26}.Release|Any CPU.Build.0 = Release|Any CPU
	EndGlobalSection
	GlobalSection(SolutionProperties) = preSolution
		HideSolutionNode = FALSE
	EndGlobalSection
	GlobalSection(ExtensibilityGlobals) = postSolution
		SolutionGuid = {2AAAF9E8-CB6F-496B-8924-9C6DBC7CCC89}
	EndGlobalSection
EndGlobal
